dependencies:
  espressif/esp_jpeg:
    component_hash: defb83669293cbf86d0fa86b475ba5517aceed04ed70db435388c151ab37b5d7
    dependencies:
    - name: idf
      require: private
      version: '>=5.0'
    source:
      registry_url: https://components.espressif.com/
      type: service
    version: 1.3.1
  idf:
    source:
      type: idf
    version: 6.0.0
direct_dependencies:
- espressif/esp_jpeg
- idf
manifest_hash: 16d1f0283e719b5d3beada0d12715071df17cd5d19a511e3c2022da55997d154
target: esp32s3
version: 2.0.0
