dependencies:
  espressif/esp_jpeg:
    component_hash: defb83669293cbf86d0fa86b475ba5517aceed04ed70db435388c151ab37b5d7
    dependencies:
    - name: idf
      require: private
      version: '>=5.0'
    source:
      registry_url: https://components.espressif.com/
      type: service
    version: 1.3.1
  espressif/esp_websocket_client:
    component_hash: 723aba370113196c66321442426cd6452c351eef31c85c83bd1446831ef9f8f4
    dependencies:
    - name: idf
      require: private
      version: '>=5.0'
    source:
      registry_url: https://components.espressif.com/
      type: service
    version: 1.6.0
  idf:
    source:
      type: idf
    version: 6.0.0
direct_dependencies:
- espressif/esp_jpeg
- espressif/esp_websocket_client
- idf
manifest_hash: 7639363e690418cf638c414f654eb2c3b85de096974567581491f8da54d46288
target: esp32s3
version: 2.0.0
